// !$*UTF8*$!
{
	archiveVersion = 1;
	classes = {
	};
	objectVersion = 56;
	objects = {

/* Begin PBXBuildFile section */
		DEDD3E552B8C9CA300AB43CE /* AppDelegate.swift in Sources */ = {isa = PBXBuildFile; fileRef = DEDD3E542B8C9CA300AB43CE /* AppDelegate.swift */; };
		DEDD3E572B8C9CA300AB43CE /* SceneDelegate.swift in Sources */ = {isa = PBXBuildFile; fileRef = DEDD3E562B8C9CA300AB43CE /* SceneDelegate.swift */; };
		DEDD3E592B8C9CA300AB43CE /* AnasayfaVC.swift in Sources */ = {isa = PBXBuildFile; fileRef = DEDD3E582B8C9CA300AB43CE /* AnasayfaVC.swift */; };
		DEDD3E5C2B8C9CA300AB43CE /* Main.storyboard in Resources */ = {isa = PBXBuildFile; fileRef = DEDD3E5A2B8C9CA300AB43CE /* Main.storyboard */; };
		DEDD3E5E2B8C9CA300AB43CE /* Assets.xcassets in Resources */ = {isa = PBXBuildFile; fileRef = DEDD3E5D2B8C9CA300AB43CE /* Assets.xcassets */; };
		DEDD3E612B8C9CA300AB43CE /* LaunchScreen.storyboard in Resources */ = {isa = PBXBuildFile; fileRef = DEDD3E5F2B8C9CA300AB43CE /* LaunchScreen.storyboard */; };
		DEDD3E692B8C9F1200AB43CE /* OyunsayfaVC.swift in Sources */ = {isa = PBXBuildFile; fileRef = DEDD3E682B8C9F1200AB43CE /* OyunsayfaVC.swift */; };
		DEDD3E6B2B8C9F5300AB43CE /* SonucsayfaVC.swift in Sources */ = {isa = PBXBuildFile; fileRef = DEDD3E6A2B8C9F5300AB43CE /* SonucsayfaVC.swift */; };
		DEFA41092B8DF8AE0099A54F /* Kisiler.swift in Sources */ = {isa = PBXBuildFile; fileRef = DEFA41082B8DF8AE0099A54F /* Kisiler.swift */; };
/* End PBXBuildFile section */

/* Begin PBXFileReference section */
		DEDD3E512B8C9CA300AB43CE /* CalismaYapisi.app */ = {isa = PBXFileReference; explicitFileType = wrapper.application; includeInIndex = 0; path = CalismaYapisi.app; sourceTree = BUILT_PRODUCTS_DIR; };
		DEDD3E542B8C9CA300AB43CE /* AppDelegate.swift */ = {isa = PBXFileReference; lastKnownFileType = sourcecode.swift; path = AppDelegate.swift; sourceTree = "<group>"; };
		DEDD3E562B8C9CA300AB43CE /* SceneDelegate.swift */ = {isa = PBXFileReference; lastKnownFileType = sourcecode.swift; path = SceneDelegate.swift; sourceTree = "<group>"; };
		DEDD3E582B8C9CA300AB43CE /* AnasayfaVC.swift */ = {isa = PBXFileReference; lastKnownFileType = sourcecode.swift; path = AnasayfaVC.swift; sourceTree = "<group>"; };
		DEDD3E5B2B8C9CA300AB43CE /* Base */ = {isa = PBXFileReference; lastKnownFileType = file.storyboard; name = Base; path = Base.lproj/Main.storyboard; sourceTree = "<group>"; };
		DEDD3E5D2B8C9CA300AB43CE /* Assets.xcassets */ = {isa = PBXFileReference; lastKnownFileType = folder.assetcatalog; path = Assets.xcassets; sourceTree = "<group>"; };
		DEDD3E602B8C9CA300AB43CE /* Base */ = {isa = PBXFileReference; lastKnownFileType = file.storyboard; name = Base; path = Base.lproj/LaunchScreen.storyboard; sourceTree = "<group>"; };
		DEDD3E622B8C9CA300AB43CE /* Info.plist */ = {isa = PBXFileReference; lastKnownFileType = text.plist.xml; path = Info.plist; sourceTree = "<group>"; };
		DEDD3E682B8C9F1200AB43CE /* OyunsayfaVC.swift */ = {isa = PBXFileReference; lastKnownFileType = sourcecode.swift; path = OyunsayfaVC.swift; sourceTree = "<group>"; };
		DEDD3E6A2B8C9F5300AB43CE /* SonucsayfaVC.swift */ = {isa = PBXFileReference; lastKnownFileType = sourcecode.swift; path = SonucsayfaVC.swift; sourceTree = "<group>"; };
		DEFA41082B8DF8AE0099A54F /* Kisiler.swift */ = {isa = PBXFileReference; lastKnownFileType = sourcecode.swift; path = Kisiler.swift; sourceTree = "<group>"; };
/* End PBXFileReference section */

/* Begin PBXFrameworksBuildPhase section */
		DEDD3E4E2B8C9CA300AB43CE /* Frameworks */ = {
			isa = PBXFrameworksBuildPhase;
			buildActionMask = 2147483647;
			files = (
			);
			runOnlyForDeploymentPostprocessing = 0;
		};
/* End PBXFrameworksBuildPhase section */

/* Begin PBXGroup section */
		DEDD3E482B8C9CA300AB43CE = {
			isa = PBXGroup;
			children = (
				DEDD3E532B8C9CA300AB43CE /* CalismaYapisi */,
				DEDD3E522B8C9CA300AB43CE /* Products */,
			);
			sourceTree = "<group>";
		};
		DEDD3E522B8C9CA300AB43CE /* Products */ = {
			isa = PBXGroup;
			children = (
				DEDD3E512B8C9CA300AB43CE /* CalismaYapisi.app */,
			);
			name = Products;
			sourceTree = "<group>";
		};
		DEDD3E532B8C9CA300AB43CE /* CalismaYapisi */ = {
			isa = PBXGroup;
			children = (
				DEDD3E542B8C9CA300AB43CE /* AppDelegate.swift */,
				DEDD3E562B8C9CA300AB43CE /* SceneDelegate.swift */,
				DEDD3E582B8C9CA300AB43CE /* AnasayfaVC.swift */,
				DEDD3E682B8C9F1200AB43CE /* OyunsayfaVC.swift */,
				DEDD3E6A2B8C9F5300AB43CE /* SonucsayfaVC.swift */,
				DEFA41082B8DF8AE0099A54F /* Kisiler.swift */,
				DEDD3E5A2B8C9CA300AB43CE /* Main.storyboard */,
				DEDD3E5D2B8C9CA300AB43CE /* Assets.xcassets */,
				DEDD3E5F2B8C9CA300AB43CE /* LaunchScreen.storyboard */,
				DEDD3E622B8C9CA300AB43CE /* Info.plist */,
			);
			path = CalismaYapisi;
			sourceTree = "<group>";
		};
/* End PBXGroup section */

/* Begin PBXNativeTarget section */
		DEDD3E502B8C9CA300AB43CE /* CalismaYapisi */ = {
			isa = PBXNativeTarget;
			buildConfigurationList = DEDD3E652B8C9CA300AB43CE /* Build configuration list for PBXNativeTarget "CalismaYapisi" */;
			buildPhases = (
				DEDD3E4D2B8C9CA300AB43CE /* Sources */,
				DEDD3E4E2B8C9CA300AB43CE /* Frameworks */,
				DEDD3E4F2B8C9CA300AB43CE /* Resources */,
			);
			buildRules = (
			);
			dependencies = (
			);
			name = CalismaYapisi;
			productName = CalismaYapisi;
			productReference = DEDD3E512B8C9CA300AB43CE /* CalismaYapisi.app */;
			productType = "com.apple.product-type.application";
		};
/* End PBXNativeTarget section */

/* Begin PBXProject section */
		DEDD3E492B8C9CA300AB43CE /* Project object */ = {
			isa = PBXProject;
			attributes = {
				BuildIndependentTargetsInParallel = 1;
				LastSwiftUpdateCheck = 1520;
				LastUpgradeCheck = 1520;
				TargetAttributes = {
					DEDD3E502B8C9CA300AB43CE = {
						CreatedOnToolsVersion = 15.2;
					};
				};
			};
			buildConfigurationList = DEDD3E4C2B8C9CA300AB43CE /* Build configuration list for PBXProject "CalismaYapisi" */;
			compatibilityVersion = "Xcode 14.0";
			developmentRegion = en;
			hasScannedForEncodings = 0;
			knownRegions = (
				en,
				Base,
			);
			mainGroup = DEDD3E482B8C9CA300AB43CE;
			productRefGroup = DEDD3E522B8C9CA300AB43CE /* Products */;
			projectDirPath = "";
			projectRoot = "";
			targets = (
				DEDD3E502B8C9CA300AB43CE /* CalismaYapisi */,
			);
		};
/* End PBXProject section */

/* Begin PBXResourcesBuildPhase section */
		DEDD3E4F2B8C9CA300AB43CE /* Resources */ = {
			isa = PBXResourcesBuildPhase;
			buildActionMask = 2147483647;
			files = (
				DEDD3E612B8C9CA300AB43CE /* LaunchScreen.storyboard in Resources */,
				DEDD3E5E2B8C9CA300AB43CE /* Assets.xcassets in Resources */,
				DEDD3E5C2B8C9CA300AB43CE /* Main.storyboard in Resources */,
			);
			runOnlyForDeploymentPostprocessing = 0;
		};
/* End PBXResourcesBuildPhase section */

/* Begin PBXSourcesBuildPhase section */
		DEDD3E4D2B8C9CA300AB43CE /* Sources */ = {
			isa = PBXSourcesBuildPhase;
			buildActionMask = 2147483647;
			files = (
				DEDD3E692B8C9F1200AB43CE /* OyunsayfaVC.swift in Sources */,
				DEDD3E592B8C9CA300AB43CE /* AnasayfaVC.swift in Sources */,
				DEDD3E552B8C9CA300AB43CE /* AppDelegate.swift in Sources */,
				DEDD3E6B2B8C9F5300AB43CE /* SonucsayfaVC.swift in Sources */,
				DEDD3E572B8C9CA300AB43CE /* SceneDelegate.swift in Sources */,
				DEFA41092B8DF8AE0099A54F /* Kisiler.swift in Sources */,
			);
			runOnlyForDeploymentPostprocessing = 0;
		};
/* End PBXSourcesBuildPhase section */

/* Begin PBXVariantGroup section */
		DEDD3E5A2B8C9CA300AB43CE /* Main.storyboard */ = {
			isa = PBXVariantGroup;
			children = (
				DEDD3E5B2B8C9CA300AB43CE /* Base */,
			);
			name = Main.storyboard;
			sourceTree = "<group>";
		};
		DEDD3E5F2B8C9CA300AB43CE /* LaunchScreen.storyboard */ = {
			isa = PBXVariantGroup;
			children = (
				DEDD3E602B8C9CA300AB43CE /* Base */,
			);
			name = LaunchScreen.storyboard;
			sourceTree = "<group>";
		};
/* End PBXVariantGroup section */

/* Begin XCBuildConfiguration section */
		DEDD3E632B8C9CA300AB43CE /* Debug */ = {
			isa = XCBuildConfiguration;
			buildSettings = {
				ALWAYS_SEARCH_USER_PATHS = NO;
				ASSETCATALOG_COMPILER_GENERATE_SWIFT_ASSET_SYMBOL_EXTENSIONS = YES;
				CLANG_ANALYZER_NONNULL = YES;
				CLANG_ANALYZER_NUMBER_OBJECT_CONVERSION = YES_AGGRESSIVE;
				CLANG_CXX_LANGUAGE_STANDARD = "gnu++20";
				CLANG_ENABLE_MODULES = YES;
				CLANG_ENABLE_OBJC_ARC = YES;
				CLANG_ENABLE_OBJC_WEAK = YES;
				CLANG_WARN_BLOCK_CAPTURE_AUTORELEASING = YES;
				CLANG_WARN_BOOL_CONVERSION = YES;
				CLANG_WARN_COMMA = YES;
				CLANG_WARN_CONSTANT_CONVERSION = YES;
				CLANG_WARN_DEPRECATED_OBJC_IMPLEMENTATIONS = YES;
				CLANG_WARN_DIRECT_OBJC_ISA_USAGE = YES_ERROR;
				CLANG_WARN_DOCUMENTATION_COMMENTS = YES;
				CLANG_WARN_EMPTY_BODY = YES;
				CLANG_WARN_ENUM_CONVERSION = YES;
				CLANG_WARN_INFINITE_RECURSION = YES;
				CLANG_WARN_INT_CONVERSION = YES;
				CLANG_WARN_NON_LITERAL_NULL_CONVERSION = YES;
				CLANG_WARN_OBJC_IMPLICIT_RETAIN_SELF = YES;
				CLANG_WARN_OBJC_LITERAL_CONVERSION = YES;
				CLANG_WARN_OBJC_ROOT_CLASS = YES_ERROR;
				CLANG_WARN_QUOTED_INCLUDE_IN_FRAMEWORK_HEADER = YES;
				CLANG_WARN_RANGE_LOOP_ANALYSIS = YES;
				CLANG_WARN_STRICT_PROTOTYPES = YES;
				CLANG_WARN_SUSPICIOUS_MOVE = YES;
				CLANG_WARN_UNGUARDED_AVAILABILITY = YES_AGGRESSIVE;
				CLANG_WARN_UNREACHABLE_CODE = YES;
				CLANG_WARN__DUPLICATE_METHOD_MATCH = YES;
				COPY_PHASE_STRIP = NO;
				DEBUG_INFORMATION_FORMAT = dwarf;
				ENABLE_STRICT_OBJC_MSGSEND = YES;
				ENABLE_TESTABILITY = YES;
				ENABLE_USER_SCRIPT_SANDBOXING = YES;
				GCC_C_LANGUAGE_STANDARD = gnu17;
				GCC_DYNAMIC_NO_PIC = NO;
				GCC_NO_COMMON_BLOCKS = YES;
				GCC_OPTIMIZATION_LEVEL = 0;
				GCC_PREPROCESSOR_DEFINITIONS = (
					"DEBUG=1",
					"$(inherited)",
				);
				GCC_WARN_64_TO_32_BIT_CONVERSION = YES;
				GCC_WARN_ABOUT_RETURN_TYPE = YES_ERROR;
				GCC_WARN_UNDECLARED_SELECTOR = YES;
				GCC_WARN_UNINITIALIZED_AUTOS = YES_AGGRESSIVE;
				GCC_WARN_UNUSED_FUNCTION = YES;
				GCC_WARN_UNUSED_VARIABLE = YES;
				IPHONEOS_DEPLOYMENT_TARGET = 17.2;
				LOCALIZATION_PREFERS_STRING_CATALOGS = YES;
				MTL_ENABLE_DEBUG_INFO = INCLUDE_SOURCE;
				MTL_FAST_MATH = YES;
				ONLY_ACTIVE_ARCH = YES;
				SDKROOT = iphoneos;
				SWIFT_ACTIVE_COMPILATION_CONDITIONS = "DEBUG $(inherited)";
				SWIFT_OPTIMIZATION_LEVEL = "-Onone";
			};
			name = Debug;
		};
		DEDD3E642B8C9CA300AB43CE /* Release */ = {
			isa = XCBuildConfiguration;
			buildSettings = {
				ALWAYS_SEARCH_USER_PATHS = NO;
				ASSETCATALOG_COMPILER_GENERATE_SWIFT_ASSET_SYMBOL_EXTENSIONS = YES;
				CLANG_ANALYZER_NONNULL = YES;
				CLANG_ANALYZER_NUMBER_OBJECT_CONVERSION = YES_AGGRESSIVE;
				CLANG_CXX_LANGUAGE_STANDARD = "gnu++20";
				CLANG_ENABLE_MODULES = YES;
				CLANG_ENABLE_OBJC_ARC = YES;
				CLANG_ENABLE_OBJC_WEAK = YES;
				CLANG_WARN_BLOCK_CAPTURE_AUTORELEASING = YES;
				CLANG_WARN_BOOL_CONVERSION = YES;
				CLANG_WARN_COMMA = YES;
				CLANG_WARN_CONSTANT_CONVERSION = YES;
				CLANG_WARN_DEPRECATED_OBJC_IMPLEMENTATIONS = YES;
				CLANG_WARN_DIRECT_OBJC_ISA_USAGE = YES_ERROR;
				CLANG_WARN_DOCUMENTATION_COMMENTS = YES;
				CLANG_WARN_EMPTY_BODY = YES;
				CLANG_WARN_ENUM_CONVERSION = YES;
				CLANG_WARN_INFINITE_RECURSION = YES;
				CLANG_WARN_INT_CONVERSION = YES;
				CLANG_WARN_NON_LITERAL_NULL_CONVERSION = YES;
				CLANG_WARN_OBJC_IMPLICIT_RETAIN_SELF = YES;
				CLANG_WARN_OBJC_LITERAL_CONVERSION = YES;
				CLANG_WARN_OBJC_ROOT_CLASS = YES_ERROR;
				CLANG_WARN_QUOTED_INCLUDE_IN_FRAMEWORK_HEADER = YES;
				CLANG_WARN_RANGE_LOOP_ANALYSIS = YES;
				CLANG_WARN_STRICT_PROTOTYPES = YES;
				CLANG_WARN_SUSPICIOUS_MOVE = YES;
				CLANG_WARN_UNGUARDED_AVAILABILITY = YES_AGGRESSIVE;
				CLANG_WARN_UNREACHABLE_CODE = YES;
				CLANG_WARN__DUPLICATE_METHOD_MATCH = YES;
				COPY_PHASE_STRIP = NO;
				DEBUG_INFORMATION_FORMAT = "dwarf-with-dsym";
				ENABLE_NS_ASSERTIONS = NO;
				ENABLE_STRICT_OBJC_MSGSEND = YES;
				ENABLE_USER_SCRIPT_SANDBOXING = YES;
				GCC_C_LANGUAGE_STANDARD = gnu17;
				GCC_NO_COMMON_BLOCKS = YES;
				GCC_WARN_64_TO_32_BIT_CONVERSION = YES;
				GCC_WARN_ABOUT_RETURN_TYPE = YES_ERROR;
				GCC_WARN_UNDECLARED_SELECTOR = YES;
				GCC_WARN_UNINITIALIZED_AUTOS = YES_AGGRESSIVE;
				GCC_WARN_UNUSED_FUNCTION = YES;
				GCC_WARN_UNUSED_VARIABLE = YES;
				IPHONEOS_DEPLOYMENT_TARGET = 17.2;
				LOCALIZATION_PREFERS_STRING_CATALOGS = YES;
				MTL_ENABLE_DEBUG_INFO = NO;
				MTL_FAST_MATH = YES;
				SDKROOT = iphoneos;
				SWIFT_COMPILATION_MODE = wholemodule;
				VALIDATE_PRODUCT = YES;
			};
			name = Release;
		};
		DEDD3E662B8C9CA300AB43CE /* Debug */ = {
			isa = XCBuildConfiguration;
			buildSettings = {
				ASSETCATALOG_COMPILER_APPICON_NAME = AppIcon;
				ASSETCATALOG_COMPILER_GLOBAL_ACCENT_COLOR_NAME = AccentColor;
				CODE_SIGN_STYLE = Automatic;
				CURRENT_PROJECT_VERSION = 1;
				DEVELOPMENT_TEAM = TZ9VF6NW32;
				GENERATE_INFOPLIST_FILE = YES;
				INFOPLIST_FILE = CalismaYapisi/Info.plist;
				INFOPLIST_KEY_UIApplicationSupportsIndirectInputEvents = YES;
				INFOPLIST_KEY_UILaunchStoryboardName = LaunchScreen;
				INFOPLIST_KEY_UIMainStoryboardFile = Main;
				INFOPLIST_KEY_UISupportedInterfaceOrientations_iPad = "UIInterfaceOrientationPortrait UIInterfaceOrientationPortraitUpsideDown UIInterfaceOrientationLandscapeLeft UIInterfaceOrientationLandscapeRight";
				INFOPLIST_KEY_UISupportedInterfaceOrientations_iPhone = "UIInterfaceOrientationPortrait UIInterfaceOrientationLandscapeLeft UIInterfaceOrientationLandscapeRight";
				LD_RUNPATH_SEARCH_PATHS = (
					"$(inherited)",
					"@executable_path/Frameworks",
				);
				MARKETING_VERSION = 1.0;
				PRODUCT_BUNDLE_IDENTIFIER = com.mervearta.CalismaYapisi;
				PRODUCT_NAME = "$(TARGET_NAME)";
				SWIFT_EMIT_LOC_STRINGS = YES;
				SWIFT_VERSION = 5.0;
				TARGETED_DEVICE_FAMILY = "1,2";
			};
			name = Debug;
		};
		DEDD3E672B8C9CA300AB43CE /* Release */ = {
			isa = XCBuildConfiguration;
			buildSettings = {
				ASSETCATALOG_COMPILER_APPICON_NAME = AppIcon;
				ASSETCATALOG_COMPILER_GLOBAL_ACCENT_COLOR_NAME = AccentColor;
				CODE_SIGN_STYLE = Automatic;
				CURRENT_PROJECT_VERSION = 1;
				DEVELOPMENT_TEAM = TZ9VF6NW32;
				GENERATE_INFOPLIST_FILE = YES;
				INFOPLIST_FILE = CalismaYapisi/Info.plist;
				INFOPLIST_KEY_UIApplicationSupportsIndirectInputEvents = YES;
				INFOPLIST_KEY_UILaunchStoryboardName = LaunchScreen;
				INFOPLIST_KEY_UIMainStoryboardFile = Main;
				INFOPLIST_KEY_UISupportedInterfaceOrientations_iPad = "UIInterfaceOrientationPortrait UIInterfaceOrientationPortraitUpsideDown UIInterfaceOrientationLandscapeLeft UIInterfaceOrientationLandscapeRight";
				INFOPLIST_KEY_UISupportedInterfaceOrientations_iPhone = "UIInterfaceOrientationPortrait UIInterfaceOrientationLandscapeLeft UIInterfaceOrientationLandscapeRight";
				LD_RUNPATH_SEARCH_PATHS = (
					"$(inherited)",
					"@executable_path/Frameworks",
				);
				MARKETING_VERSION = 1.0;
				PRODUCT_BUNDLE_IDENTIFIER = com.mervearta.CalismaYapisi;
				PRODUCT_NAME = "$(TARGET_NAME)";
				SWIFT_EMIT_LOC_STRINGS = YES;
				SWIFT_VERSION = 5.0;
				TARGETED_DEVICE_FAMILY = "1,2";
			};
			name = Release;
		};
/* End XCBuildConfiguration section */

/* Begin XCConfigurationList section */
		DEDD3E4C2B8C9CA300AB43CE /* Build configuration list for PBXProject "CalismaYapisi" */ = {
			isa = XCConfigurationList;
			buildConfigurations = (
				DEDD3E632B8C9CA300AB43CE /* Debug */,
				DEDD3E642B8C9CA300AB43CE /* Release */,
			);
			defaultConfigurationIsVisible = 0;
			defaultConfigurationName = Release;
		};
		DEDD3E652B8C9CA300AB43CE /* Build configuration list for PBXNativeTarget "CalismaYapisi" */ = {
			isa = XCConfigurationList;
			buildConfigurations = (
				DEDD3E662B8C9CA300AB43CE /* Debug */,
				DEDD3E672B8C9CA300AB43CE /* Release */,
			);
			defaultConfigurationIsVisible = 0;
			defaultConfigurationName = Release;
		};
/* End XCConfigurationList section */
	};
	rootObject = DEDD3E492B8C9CA300AB43CE /* Project object */;
}
